
Microsoft Visual Studio Solution File, Format Version 12.00
# Visual Studio 2012
Project("{FAE04EC0-301F-11D3-BF4B-00C04F79EFBC}") = "Pages", "Pages\Pages.csproj", "{F03688AB-F905-43F1-A311-C036355ECDC8}"
EndProject
Project("{FAE04EC0-301F-11D3-BF4B-00C04F79EFBC}") = "PagesTest", "PagesTest\PagesTest\PagesTest.csproj", "{0FF32541-E5D0-4943-85BC-F4CB65A7EFFA}"
	ProjectSection(ProjectDependencies) = postProject
		{F03688AB-F905-43F1-A311-C036355ECDC8} = {F03688AB-F905-43F1-A311-C036355ECDC8}
	EndProjectSection
EndProject
Project("{FAE04EC0-301F-11D3-BF4B-00C04F79EFBC}") = "PagesTestContent", "PagesTest\PagesTestContent\PagesTestContent.contentproj", "{259F332E-427F-4D9C-AFE6-EC953227C85F}"
EndProject
Global
	GlobalSection(SolutionConfigurationPlatforms) = preSolution
		Debug|ARM = Debug|ARM
		Debug|Mixed Platforms = Debug|Mixed Platforms
		Debug|Windows Phone = Debug|Windows Phone
		Debug|x86 = Debug|x86
		Release|ARM = Release|ARM
		Release|Mixed Platforms = Release|Mixed Platforms
		Release|Windows Phone = Release|Windows Phone
		Release|x86 = Release|x86
	EndGlobalSection
	GlobalSection(ProjectConfigurationPlatforms) = postSolution
		{F03688AB-F905-43F1-A311-C036355ECDC8}.Debug|ARM.ActiveCfg = Debug|Windows Phone
		{F03688AB-F905-43F1-A311-C036355ECDC8}.Debug|Mixed Platforms.ActiveCfg = Debug|Windows Phone
		{F03688AB-F905-43F1-A311-C036355ECDC8}.Debug|Mixed Platforms.Build.0 = Debug|Windows Phone
		{F03688AB-F905-43F1-A311-C036355ECDC8}.Debug|Windows Phone.ActiveCfg = Debug|Windows Phone
		{F03688AB-F905-43F1-A311-C036355ECDC8}.Debug|Windows Phone.Build.0 = Debug|Windows Phone
		{F03688AB-F905-43F1-A311-C036355ECDC8}.Debug|x86.ActiveCfg = Debug|Windows Phone
		{F03688AB-F905-43F1-A311-C036355ECDC8}.Release|ARM.ActiveCfg = Release|Windows Phone
		{F03688AB-F905-43F1-A311-C036355ECDC8}.Release|Mixed Platforms.ActiveCfg = Release|Windows Phone
		{F03688AB-F905-43F1-A311-C036355ECDC8}.Release|Mixed Platforms.Build.0 = Release|Windows Phone
		{F03688AB-F905-43F1-A311-C036355ECDC8}.Release|Windows Phone.ActiveCfg = Release|Windows Phone
		{F03688AB-F905-43F1-A311-C036355ECDC8}.Release|Windows Phone.Build.0 = Release|Windows Phone
		{F03688AB-F905-43F1-A311-C036355ECDC8}.Release|x86.ActiveCfg = Release|Windows Phone
		{0FF32541-E5D0-4943-85BC-F4CB65A7EFFA}.Debug|ARM.ActiveCfg = Debug|Windows Phone
		{0FF32541-E5D0-4943-85BC-F4CB65A7EFFA}.Debug|Mixed Platforms.ActiveCfg = Debug|Windows Phone
		{0FF32541-E5D0-4943-85BC-F4CB65A7EFFA}.Debug|Mixed Platforms.Build.0 = Debug|Windows Phone
		{0FF32541-E5D0-4943-85BC-F4CB65A7EFFA}.Debug|Mixed Platforms.Deploy.0 = Debug|Windows Phone
		{0FF32541-E5D0-4943-85BC-F4CB65A7EFFA}.Debug|Windows Phone.ActiveCfg = Debug|Windows Phone
		{0FF32541-E5D0-4943-85BC-F4CB65A7EFFA}.Debug|Windows Phone.Build.0 = Debug|Windows Phone
		{0FF32541-E5D0-4943-85BC-F4CB65A7EFFA}.Debug|Windows Phone.Deploy.0 = Debug|Windows Phone
		{0FF32541-E5D0-4943-85BC-F4CB65A7EFFA}.Debug|x86.ActiveCfg = Debug|Windows Phone
		{0FF32541-E5D0-4943-85BC-F4CB65A7EFFA}.Release|ARM.ActiveCfg = Release|Windows Phone
		{0FF32541-E5D0-4943-85BC-F4CB65A7EFFA}.Release|Mixed Platforms.ActiveCfg = Release|Windows Phone
		{0FF32541-E5D0-4943-85BC-F4CB65A7EFFA}.Release|Mixed Platforms.Build.0 = Release|Windows Phone
		{0FF32541-E5D0-4943-85BC-F4CB65A7EFFA}.Release|Mixed Platforms.Deploy.0 = Release|Windows Phone
		{0FF32541-E5D0-4943-85BC-F4CB65A7EFFA}.Release|Windows Phone.ActiveCfg = Release|Windows Phone
		{0FF32541-E5D0-4943-85BC-F4CB65A7EFFA}.Release|Windows Phone.Build.0 = Release|Windows Phone
		{0FF32541-E5D0-4943-85BC-F4CB65A7EFFA}.Release|Windows Phone.Deploy.0 = Release|Windows Phone
		{0FF32541-E5D0-4943-85BC-F4CB65A7EFFA}.Release|x86.ActiveCfg = Release|Windows Phone
		{259F332E-427F-4D9C-AFE6-EC953227C85F}.Debug|ARM.ActiveCfg = Debug|Windows Phone
		{259F332E-427F-4D9C-AFE6-EC953227C85F}.Debug|Mixed Platforms.ActiveCfg = Debug|Windows Phone
		{259F332E-427F-4D9C-AFE6-EC953227C85F}.Debug|Windows Phone.ActiveCfg = Debug|Windows Phone
		{259F332E-427F-4D9C-AFE6-EC953227C85F}.Debug|x86.ActiveCfg = Debug|Windows Phone
		{259F332E-427F-4D9C-AFE6-EC953227C85F}.Release|ARM.ActiveCfg = Release|Windows Phone
		{259F332E-427F-4D9C-AFE6-EC953227C85F}.Release|Mixed Platforms.ActiveCfg = Release|Windows Phone
		{259F332E-427F-4D9C-AFE6-EC953227C85F}.Release|Windows Phone.ActiveCfg = Release|Windows Phone
		{259F332E-427F-4D9C-AFE6-EC953227C85F}.Release|x86.ActiveCfg = Release|Windows Phone
	EndGlobalSection
	GlobalSection(SolutionProperties) = preSolution
		HideSolutionNode = FALSE
	EndGlobalSection
EndGlobal
